
Microsoft Visual Studio Solution File, Format Version 12.00
# Visual Studio 15
VisualStudioVersion = 15.0.26730.10
MinimumVisualStudioVersion = 10.0.40219.1
Project("{FAE04EC0-301F-11D3-BF4B-00C04F79EFBC}") = "QuickSort", "QuickSort\QuickSort.csproj", "{3E14880A-793F-4054-965E-0629BAB7FBAC}"
EndProject
Global
	GlobalSection(SolutionConfigurationPlatforms) = preSolution
		Debug|Any CPU = Debug|Any CPU
		Release|Any CPU = Release|Any CPU
	EndGlobalSection
	GlobalSection(ProjectConfigurationPlatforms) = postSolution
		{3E14880A-793F-4054-965E-0629BAB7FBAC}.Debug|Any CPU.ActiveCfg = Debug|Any CPU
		{3E14880A-793F-4054-965E-0629BAB7FBAC}.Debug|Any CPU.Build.0 = Debug|Any CPU
		{3E14880A-793F-4054-965E-0629BAB7FBAC}.Release|Any CPU.ActiveCfg = Release|Any CPU
		{3E14880A-793F-4054-965E-0629BAB7FBAC}.Release|Any CPU.Build.0 = Release|Any CPU
	EndGlobalSection
	GlobalSection(SolutionProperties) = preSolution
		HideSolutionNode = FALSE
	EndGlobalSection
	GlobalSection(ExtensibilityGlobals) = postSolution
		SolutionGuid = {F987BA3C-813C-44A0-8B94-4379CB714625}
	EndGlobalSection
EndGlobal
