
Microsoft Visual Studio Solution File, Format Version 12.00
# Visual Studio 15
VisualStudioVersion = 15.0.28307.421
MinimumVisualStudioVersion = 10.0.40219.1
Project("{FAE04EC0-301F-11D3-BF4B-00C04F79EFBC}") = "ConwaysGameOfLife", "ConwaysGameOfLife\ConwaysGameOfLife.csproj", "{D53360B2-A50E-475B-A2FA-5864A3A9389C}"
EndProject
Global
	GlobalSection(SolutionConfigurationPlatforms) = preSolution
		Debug|Any CPU = Debug|Any CPU
		Release|Any CPU = Release|Any CPU
	EndGlobalSection
	GlobalSection(ProjectConfigurationPlatforms) = postSolution
		{D53360B2-A50E-475B-A2FA-5864A3A9389C}.Debug|Any CPU.ActiveCfg = Debug|Any CPU
		{D53360B2-A50E-475B-A2FA-5864A3A9389C}.Debug|Any CPU.Build.0 = Debug|Any CPU
		{D53360B2-A50E-475B-A2FA-5864A3A9389C}.Release|Any CPU.ActiveCfg = Release|Any CPU
		{D53360B2-A50E-475B-A2FA-5864A3A9389C}.Release|Any CPU.Build.0 = Release|Any CPU
	EndGlobalSection
	GlobalSection(SolutionProperties) = preSolution
		HideSolutionNode = FALSE
	EndGlobalSection
	GlobalSection(ExtensibilityGlobals) = postSolution
		SolutionGuid = {83E8A0A9-9087-4215-8EE6-DC05FCB68472}
	EndGlobalSection
EndGlobal
